
Microsoft Visual Studio Solution File, Format Version 12.00
# Visual Studio Version 17
VisualStudioVersion = 17.9.34728.123
MinimumVisualStudioVersion = 10.0.40219.1
Project("{FAE04EC0-301F-11D3-BF4B-00C04F79EFBC}") = "Challenge_P2", "Challenge_P2.csproj", "{F73081CA-3CDB-4A25-BF4E-856A9A56E5EB}"
EndProject
Project("{FAE04EC0-301F-11D3-BF4B-00C04F79EFBC}") = "Challenge_Test", "..\Challenge_Test\Challenge_Test.csproj", "{9A6DAA14-E476-4441-BA2E-6415F8E74C17}"
EndProject
Project("{FAE04EC0-301F-11D3-BF4B-00C04F79EFBC}") = "Challenge_Classe", "..\Challenge_Classe\Challenge_Classe.csproj", "{4D8EAC3B-317E-4FEB-B6B3-A9C8CC7DEE65}"
EndProject
Global
	GlobalSection(SolutionConfigurationPlatforms) = preSolution
		Debug|Any CPU = Debug|Any CPU
		Release|Any CPU = Release|Any CPU
	EndGlobalSection
	GlobalSection(ProjectConfigurationPlatforms) = postSolution
		{F73081CA-3CDB-4A25-BF4E-856A9A56E5EB}.Debug|Any CPU.ActiveCfg = Debug|Any CPU
		{F73081CA-3CDB-4A25-BF4E-856A9A56E5EB}.Debug|Any CPU.Build.0 = Debug|Any CPU
		{F73081CA-3CDB-4A25-BF4E-856A9A56E5EB}.Release|Any CPU.ActiveCfg = Release|Any CPU
		{F73081CA-3CDB-4A25-BF4E-856A9A56E5EB}.Release|Any CPU.Build.0 = Release|Any CPU
		{9A6DAA14-E476-4441-BA2E-6415F8E74C17}.Debug|Any CPU.ActiveCfg = Debug|Any CPU
		{9A6DAA14-E476-4441-BA2E-6415F8E74C17}.Debug|Any CPU.Build.0 = Debug|Any CPU
		{9A6DAA14-E476-4441-BA2E-6415F8E74C17}.Release|Any CPU.ActiveCfg = Release|Any CPU
		{9A6DAA14-E476-4441-BA2E-6415F8E74C17}.Release|Any CPU.Build.0 = Release|Any CPU
		{4D8EAC3B-317E-4FEB-B6B3-A9C8CC7DEE65}.Debug|Any CPU.ActiveCfg = Debug|Any CPU
		{4D8EAC3B-317E-4FEB-B6B3-A9C8CC7DEE65}.Debug|Any CPU.Build.0 = Debug|Any CPU
		{4D8EAC3B-317E-4FEB-B6B3-A9C8CC7DEE65}.Release|Any CPU.ActiveCfg = Release|Any CPU
		{4D8EAC3B-317E-4FEB-B6B3-A9C8CC7DEE65}.Release|Any CPU.Build.0 = Release|Any CPU
	EndGlobalSection
	GlobalSection(SolutionProperties) = preSolution
		HideSolutionNode = FALSE
	EndGlobalSection
	GlobalSection(ExtensibilityGlobals) = postSolution
		SolutionGuid = {51F99566-B8A8-42FE-B871-A6C31A2D1BF2}
	EndGlobalSection
EndGlobal
